
Microsoft Visual Studio Solution File, Format Version 12.00
# Visual Studio Version 17
VisualStudioVersion = 17.5.002.0
MinimumVisualStudioVersion = 10.0.40219.1
Project("{2150E333-8FDC-42A3-9474-1A3956D46DE8}") = "csharp-prep", "csharp-prep", "{FC062E75-5857-4B10-97CD-27D44147F27D}"
EndProject
Project("{9A19103F-16F7-4668-BE54-9A1E7A4F7556}") = "Prep1", "csharp-prep\Prep1\Prep1.csproj", "{E0DEE5CE-0411-4B0F-BFC2-B86F7CA031FC}"
EndProject
Project("{9A19103F-16F7-4668-BE54-9A1E7A4F7556}") = "Prep2", "csharp-prep\Prep2\Prep2.csproj", "{7472F480-3CCD-4240-966C-04046AD22673}"
EndProject
Project("{9A19103F-16F7-4668-BE54-9A1E7A4F7556}") = "Prep3", "csharp-prep\Prep3\Prep3.csproj", "{76F73DF1-7EEF-4434-BC80-085FED968B91}"
EndProject
Project("{9A19103F-16F7-4668-BE54-9A1E7A4F7556}") = "Prep4", "csharp-prep\Prep4\Prep4.csproj", "{F01724C6-92FE-4B05-98BE-AA007AC3E510}"
EndProject
Project("{9A19103F-16F7-4668-BE54-9A1E7A4F7556}") = "Prep5", "csharp-prep\Prep5\Prep5.csproj", "{0798B68C-9C22-40BB-9DBD-7321E1D527EA}"
EndProject
Project("{2150E333-8FDC-42A3-9474-1A3956D46DE8}") = "final", "final", "{10E65081-609B-4A17-BE74-271C75AA690F}"
EndProject
Project("{9A19103F-16F7-4668-BE54-9A1E7A4F7556}") = "FinalProject", "final\FinalProject\FinalProject.csproj", "{0B5A2A7C-FCFC-4792-94DB-5D503B011617}"
EndProject
Project("{9A19103F-16F7-4668-BE54-9A1E7A4F7556}") = "Foundation1", "final\Foundation1\Foundation1.csproj", "{CAFB735F-4228-4F8F-9074-569A7AC6ABCF}"
EndProject
Project("{9A19103F-16F7-4668-BE54-9A1E7A4F7556}") = "Foundation2", "final\Foundation2\Foundation2.csproj", "{1043AC05-3871-427F-8741-AA440B553DC7}"
EndProject
Project("{9A19103F-16F7-4668-BE54-9A1E7A4F7556}") = "Foundation3", "final\Foundation3\Foundation3.csproj", "{7A5E3DE6-49B8-45EE-B61B-AF95CB56571E}"
EndProject
Project("{9A19103F-16F7-4668-BE54-9A1E7A4F7556}") = "Foundation4", "final\Foundation4\Foundation4.csproj", "{830D03ED-25EF-4B0A-9E75-2B6B3A7682C8}"
EndProject
Project("{2150E333-8FDC-42A3-9474-1A3956D46DE8}") = "prepare", "prepare", "{462D9518-7FF7-4232-82D6-751207F0D575}"
EndProject
Project("{9A19103F-16F7-4668-BE54-9A1E7A4F7556}") = "Learning02", "prepare\Learning02\Learning02.csproj", "{8AD92431-2B5D-4D6F-A0DB-083DD74BE61C}"
EndProject
Project("{9A19103F-16F7-4668-BE54-9A1E7A4F7556}") = "Learning03", "prepare\Learning03\Learning03.csproj", "{549E83C1-A1BB-4C5C-9692-0EBADAB4BA67}"
EndProject
Project("{9A19103F-16F7-4668-BE54-9A1E7A4F7556}") = "Learning04", "prepare\Learning04\Learning04.csproj", "{6D17B81A-493E-4F18-B1A9-9430F873C490}"
EndProject
Project("{9A19103F-16F7-4668-BE54-9A1E7A4F7556}") = "Learning05", "prepare\Learning05\Learning05.csproj", "{8CD7C761-5938-4483-98C7-BAB41A75C00E}"
EndProject
Project("{2150E333-8FDC-42A3-9474-1A3956D46DE8}") = "prove", "prove", "{7D65A108-C7CB-4968-8AAA-87529A1FFF8F}"
EndProject
Project("{9A19103F-16F7-4668-BE54-9A1E7A4F7556}") = "Develop02", "prove\Develop02\Develop02.csproj", "{604A242A-F5AA-4DD0-85C0-39CEBA01D16B}"
EndProject
Project("{9A19103F-16F7-4668-BE54-9A1E7A4F7556}") = "Develop03", "prove\Develop03\Develop03.csproj", "{697A217E-C9EF-453B-9350-1E5B3A4BDDE5}"
EndProject
Project("{9A19103F-16F7-4668-BE54-9A1E7A4F7556}") = "Develop04", "prove\Develop04\Develop04.csproj", "{16F22A7C-58F1-434D-B374-14ACA9E57C3D}"
EndProject
Project("{9A19103F-16F7-4668-BE54-9A1E7A4F7556}") = "Develop05", "prove\Develop05\Develop05.csproj", "{64684F83-92E1-4237-A6F7-BA64F91CC862}"
EndProject
Project("{2150E333-8FDC-42A3-9474-1A3956D46DE8}") = "sandbox", "sandbox", "{927F55E7-01B2-4374-9D77-F46D122B5341}"
EndProject
Project("{9A19103F-16F7-4668-BE54-9A1E7A4F7556}") = "Sandbox", "sandbox\Sandbox\Sandbox.csproj", "{8259DC8E-F0AA-4018-A0B6-E9D3B80C1A15}"
EndProject
Global
	GlobalSection(SolutionConfigurationPlatforms) = preSolution
		Debug|Any CPU = Debug|Any CPU
		Release|Any CPU = Release|Any CPU
	EndGlobalSection
	GlobalSection(ProjectConfigurationPlatforms) = postSolution
		{E0DEE5CE-0411-4B0F-BFC2-B86F7CA031FC}.Debug|Any CPU.ActiveCfg = Debug|Any CPU
		{E0DEE5CE-0411-4B0F-BFC2-B86F7CA031FC}.Debug|Any CPU.Build.0 = Debug|Any CPU
		{E0DEE5CE-0411-4B0F-BFC2-B86F7CA031FC}.Release|Any CPU.ActiveCfg = Release|Any CPU
		{E0DEE5CE-0411-4B0F-BFC2-B86F7CA031FC}.Release|Any CPU.Build.0 = Release|Any CPU
		{7472F480-3CCD-4240-966C-04046AD22673}.Debug|Any CPU.ActiveCfg = Debug|Any CPU
		{7472F480-3CCD-4240-966C-04046AD22673}.Debug|Any CPU.Build.0 = Debug|Any CPU
		{7472F480-3CCD-4240-966C-04046AD22673}.Release|Any CPU.ActiveCfg = Release|Any CPU
		{7472F480-3CCD-4240-966C-04046AD22673}.Release|Any CPU.Build.0 = Release|Any CPU
		{76F73DF1-7EEF-4434-BC80-085FED968B91}.Debug|Any CPU.ActiveCfg = Debug|Any CPU
		{76F73DF1-7EEF-4434-BC80-085FED968B91}.Debug|Any CPU.Build.0 = Debug|Any CPU
		{76F73DF1-7EEF-4434-BC80-085FED968B91}.Release|Any CPU.ActiveCfg = Release|Any CPU
		{76F73DF1-7EEF-4434-BC80-085FED968B91}.Release|Any CPU.Build.0 = Release|Any CPU
		{F01724C6-92FE-4B05-98BE-AA007AC3E510}.Debug|Any CPU.ActiveCfg = Debug|Any CPU
		{F01724C6-92FE-4B05-98BE-AA007AC3E510}.Debug|Any CPU.Build.0 = Debug|Any CPU
		{F01724C6-92FE-4B05-98BE-AA007AC3E510}.Release|Any CPU.ActiveCfg = Release|Any CPU
		{F01724C6-92FE-4B05-98BE-AA007AC3E510}.Release|Any CPU.Build.0 = Release|Any CPU
		{0798B68C-9C22-40BB-9DBD-7321E1D527EA}.Debug|Any CPU.ActiveCfg = Debug|Any CPU
		{0798B68C-9C22-40BB-9DBD-7321E1D527EA}.Debug|Any CPU.Build.0 = Debug|Any CPU
		{0798B68C-9C22-40BB-9DBD-7321E1D527EA}.Release|Any CPU.ActiveCfg = Release|Any CPU
		{0798B68C-9C22-40BB-9DBD-7321E1D527EA}.Release|Any CPU.Build.0 = Release|Any CPU
		{0B5A2A7C-FCFC-4792-94DB-5D503B011617}.Debug|Any CPU.ActiveCfg = Debug|Any CPU
		{0B5A2A7C-FCFC-4792-94DB-5D503B011617}.Debug|Any CPU.Build.0 = Debug|Any CPU
		{0B5A2A7C-FCFC-4792-94DB-5D503B011617}.Release|Any CPU.ActiveCfg = Release|Any CPU
		{0B5A2A7C-FCFC-4792-94DB-5D503B011617}.Release|Any CPU.Build.0 = Release|Any CPU
		{CAFB735F-4228-4F8F-9074-569A7AC6ABCF}.Debug|Any CPU.ActiveCfg = Debug|Any CPU
		{CAFB735F-4228-4F8F-9074-569A7AC6ABCF}.Debug|Any CPU.Build.0 = Debug|Any CPU
		{CAFB735F-4228-4F8F-9074-569A7AC6ABCF}.Release|Any CPU.ActiveCfg = Release|Any CPU
		{CAFB735F-4228-4F8F-9074-569A7AC6ABCF}.Release|Any CPU.Build.0 = Release|Any CPU
		{1043AC05-3871-427F-8741-AA440B553DC7}.Debug|Any CPU.ActiveCfg = Debug|Any CPU
		{1043AC05-3871-427F-8741-AA440B553DC7}.Debug|Any CPU.Build.0 = Debug|Any CPU
		{1043AC05-3871-427F-8741-AA440B553DC7}.Release|Any CPU.ActiveCfg = Release|Any CPU
		{1043AC05-3871-427F-8741-AA440B553DC7}.Release|Any CPU.Build.0 = Release|Any CPU
		{7A5E3DE6-49B8-45EE-B61B-AF95CB56571E}.Debug|Any CPU.ActiveCfg = Debug|Any CPU
		{7A5E3DE6-49B8-45EE-B61B-AF95CB56571E}.Debug|Any CPU.Build.0 = Debug|Any CPU
		{7A5E3DE6-49B8-45EE-B61B-AF95CB56571E}.Release|Any CPU.ActiveCfg = Release|Any CPU
		{7A5E3DE6-49B8-45EE-B61B-AF95CB56571E}.Release|Any CPU.Build.0 = Release|Any CPU
		{830D03ED-25EF-4B0A-9E75-2B6B3A7682C8}.Debug|Any CPU.ActiveCfg = Debug|Any CPU
		{830D03ED-25EF-4B0A-9E75-2B6B3A7682C8}.Debug|Any CPU.Build.0 = Debug|Any CPU
		{830D03ED-25EF-4B0A-9E75-2B6B3A7682C8}.Release|Any CPU.ActiveCfg = Release|Any CPU
		{830D03ED-25EF-4B0A-9E75-2B6B3A7682C8}.Release|Any CPU.Build.0 = Release|Any CPU
		{8AD92431-2B5D-4D6F-A0DB-083DD74BE61C}.Debug|Any CPU.ActiveCfg = Debug|Any CPU
		{8AD92431-2B5D-4D6F-A0DB-083DD74BE61C}.Debug|Any CPU.Build.0 = Debug|Any CPU
		{8AD92431-2B5D-4D6F-A0DB-083DD74BE61C}.Release|Any CPU.ActiveCfg = Release|Any CPU
		{8AD92431-2B5D-4D6F-A0DB-083DD74BE61C}.Release|Any CPU.Build.0 = Release|Any CPU
		{549E83C1-A1BB-4C5C-9692-0EBADAB4BA67}.Debug|Any CPU.ActiveCfg = Debug|Any CPU
		{549E83C1-A1BB-4C5C-9692-0EBADAB4BA67}.Debug|Any CPU.Build.0 = Debug|Any CPU
		{549E83C1-A1BB-4C5C-9692-0EBADAB4BA67}.Release|Any CPU.ActiveCfg = Release|Any CPU
		{549E83C1-A1BB-4C5C-9692-0EBADAB4BA67}.Release|Any CPU.Build.0 = Release|Any CPU
		{6D17B81A-493E-4F18-B1A9-9430F873C490}.Debug|Any CPU.ActiveCfg = Debug|Any CPU
		{6D17B81A-493E-4F18-B1A9-9430F873C490}.Debug|Any CPU.Build.0 = Debug|Any CPU
		{6D17B81A-493E-4F18-B1A9-9430F873C490}.Release|Any CPU.ActiveCfg = Release|Any CPU
		{6D17B81A-493E-4F18-B1A9-9430F873C490}.Release|Any CPU.Build.0 = Release|Any CPU
		{8CD7C761-5938-4483-98C7-BAB41A75C00E}.Debug|Any CPU.ActiveCfg = Debug|Any CPU
		{8CD7C761-5938-4483-98C7-BAB41A75C00E}.Debug|Any CPU.Build.0 = Debug|Any CPU
		{8CD7C761-5938-4483-98C7-BAB41A75C00E}.Release|Any CPU.ActiveCfg = Release|Any CPU
		{8CD7C761-5938-4483-98C7-BAB41A75C00E}.Release|Any CPU.Build.0 = Release|Any CPU
		{604A242A-F5AA-4DD0-85C0-39CEBA01D16B}.Debug|Any CPU.ActiveCfg = Debug|Any CPU
		{604A242A-F5AA-4DD0-85C0-39CEBA01D16B}.Debug|Any CPU.Build.0 = Debug|Any CPU
		{604A242A-F5AA-4DD0-85C0-39CEBA01D16B}.Release|Any CPU.ActiveCfg = Release|Any CPU
		{604A242A-F5AA-4DD0-85C0-39CEBA01D16B}.Release|Any CPU.Build.0 = Release|Any CPU
		{697A217E-C9EF-453B-9350-1E5B3A4BDDE5}.Debug|Any CPU.ActiveCfg = Debug|Any CPU
		{697A217E-C9EF-453B-9350-1E5B3A4BDDE5}.Debug|Any CPU.Build.0 = Debug|Any CPU
		{697A217E-C9EF-453B-9350-1E5B3A4BDDE5}.Release|Any CPU.ActiveCfg = Release|Any CPU
		{697A217E-C9EF-453B-9350-1E5B3A4BDDE5}.Release|Any CPU.Build.0 = Release|Any CPU
		{16F22A7C-58F1-434D-B374-14ACA9E57C3D}.Debug|Any CPU.ActiveCfg = Debug|Any CPU
		{16F22A7C-58F1-434D-B374-14ACA9E57C3D}.Debug|Any CPU.Build.0 = Debug|Any CPU
		{16F22A7C-58F1-434D-B374-14ACA9E57C3D}.Release|Any CPU.ActiveCfg = Release|Any CPU
		{16F22A7C-58F1-434D-B374-14ACA9E57C3D}.Release|Any CPU.Build.0 = Release|Any CPU
		{64684F83-92E1-4237-A6F7-BA64F91CC862}.Debug|Any CPU.ActiveCfg = Debug|Any CPU
		{64684F83-92E1-4237-A6F7-BA64F91CC862}.Debug|Any CPU.Build.0 = Debug|Any CPU
		{64684F83-92E1-4237-A6F7-BA64F91CC862}.Release|Any CPU.ActiveCfg = Release|Any CPU
		{64684F83-92E1-4237-A6F7-BA64F91CC862}.Release|Any CPU.Build.0 = Release|Any CPU
		{8259DC8E-F0AA-4018-A0B6-E9D3B80C1A15}.Debug|Any CPU.ActiveCfg = Debug|Any CPU
		{8259DC8E-F0AA-4018-A0B6-E9D3B80C1A15}.Debug|Any CPU.Build.0 = Debug|Any CPU
		{8259DC8E-F0AA-4018-A0B6-E9D3B80C1A15}.Release|Any CPU.ActiveCfg = Release|Any CPU
		{8259DC8E-F0AA-4018-A0B6-E9D3B80C1A15}.Release|Any CPU.Build.0 = Release|Any CPU
	EndGlobalSection
	GlobalSection(SolutionProperties) = preSolution
		HideSolutionNode = FALSE
	EndGlobalSection
	GlobalSection(NestedProjects) = preSolution
		{E0DEE5CE-0411-4B0F-BFC2-B86F7CA031FC} = {FC062E75-5857-4B10-97CD-27D44147F27D}
		{7472F480-3CCD-4240-966C-04046AD22673} = {FC062E75-5857-4B10-97CD-27D44147F27D}
		{76F73DF1-7EEF-4434-BC80-085FED968B91} = {FC062E75-5857-4B10-97CD-27D44147F27D}
		{F01724C6-92FE-4B05-98BE-AA007AC3E510} = {FC062E75-5857-4B10-97CD-27D44147F27D}
		{0798B68C-9C22-40BB-9DBD-7321E1D527EA} = {FC062E75-5857-4B10-97CD-27D44147F27D}
		{0B5A2A7C-FCFC-4792-94DB-5D503B011617} = {10E65081-609B-4A17-BE74-271C75AA690F}
		{CAFB735F-4228-4F8F-9074-569A7AC6ABCF} = {10E65081-609B-4A17-BE74-271C75AA690F}
		{1043AC05-3871-427F-8741-AA440B553DC7} = {10E65081-609B-4A17-BE74-271C75AA690F}
		{7A5E3DE6-49B8-45EE-B61B-AF95CB56571E} = {10E65081-609B-4A17-BE74-271C75AA690F}
		{830D03ED-25EF-4B0A-9E75-2B6B3A7682C8} = {10E65081-609B-4A17-BE74-271C75AA690F}
		{8AD92431-2B5D-4D6F-A0DB-083DD74BE61C} = {462D9518-7FF7-4232-82D6-751207F0D575}
		{549E83C1-A1BB-4C5C-9692-0EBADAB4BA67} = {462D9518-7FF7-4232-82D6-751207F0D575}
		{6D17B81A-493E-4F18-B1A9-9430F873C490} = {462D9518-7FF7-4232-82D6-751207F0D575}
		{8CD7C761-5938-4483-98C7-BAB41A75C00E} = {462D9518-7FF7-4232-82D6-751207F0D575}
		{604A242A-F5AA-4DD0-85C0-39CEBA01D16B} = {7D65A108-C7CB-4968-8AAA-87529A1FFF8F}
		{697A217E-C9EF-453B-9350-1E5B3A4BDDE5} = {7D65A108-C7CB-4968-8AAA-87529A1FFF8F}
		{16F22A7C-58F1-434D-B374-14ACA9E57C3D} = {7D65A108-C7CB-4968-8AAA-87529A1FFF8F}
		{64684F83-92E1-4237-A6F7-BA64F91CC862} = {7D65A108-C7CB-4968-8AAA-87529A1FFF8F}
		{8259DC8E-F0AA-4018-A0B6-E9D3B80C1A15} = {927F55E7-01B2-4374-9D77-F46D122B5341}
	EndGlobalSection
	GlobalSection(ExtensibilityGlobals) = postSolution
		SolutionGuid = {614B4686-B7DF-45FA-80CF-FCE385BDCA4E}
	EndGlobalSection
EndGlobal
